
Microsoft Visual Studio Solution File, Format Version 12.00
# Visual Studio Version 16
VisualStudioVersion = 16.0.31402.337
MinimumVisualStudioVersion = 10.0.40219.1
Project("{FAE04EC0-301F-11D3-BF4B-00C04F79EFBC}") = "CapaVista", "CapaVista\CapaVista.csproj", "{C98D7D55-5A51-4B36-9BD2-F8F6A819BB4F}"
EndProject
Project("{FAE04EC0-301F-11D3-BF4B-00C04F79EFBC}") = "CapaDatos", "CapaDatos2\CapaDatos.csproj", "{2B5C0497-7317-40FA-8D14-9917095FCD0C}"
EndProject
Project("{FAE04EC0-301F-11D3-BF4B-00C04F79EFBC}") = "CapaLogica", "CapaLogica2\CapaLogica.csproj", "{39B31BF5-89C9-4B4D-835E-879B122999D0}"
EndProject
Global
	GlobalSection(SolutionConfigurationPlatforms) = preSolution
		Debug|Any CPU = Debug|Any CPU
		Release|Any CPU = Release|Any CPU
	EndGlobalSection
	GlobalSection(ProjectConfigurationPlatforms) = postSolution
		{C98D7D55-5A51-4B36-9BD2-F8F6A819BB4F}.Debug|Any CPU.ActiveCfg = Debug|Any CPU
		{C98D7D55-5A51-4B36-9BD2-F8F6A819BB4F}.Debug|Any CPU.Build.0 = Debug|Any CPU
		{C98D7D55-5A51-4B36-9BD2-F8F6A819BB4F}.Release|Any CPU.ActiveCfg = Release|Any CPU
		{C98D7D55-5A51-4B36-9BD2-F8F6A819BB4F}.Release|Any CPU.Build.0 = Release|Any CPU
		{2B5C0497-7317-40FA-8D14-9917095FCD0C}.Debug|Any CPU.ActiveCfg = Debug|Any CPU
		{2B5C0497-7317-40FA-8D14-9917095FCD0C}.Debug|Any CPU.Build.0 = Debug|Any CPU
		{2B5C0497-7317-40FA-8D14-9917095FCD0C}.Release|Any CPU.ActiveCfg = Release|Any CPU
		{2B5C0497-7317-40FA-8D14-9917095FCD0C}.Release|Any CPU.Build.0 = Release|Any CPU
		{39B31BF5-89C9-4B4D-835E-879B122999D0}.Debug|Any CPU.ActiveCfg = Debug|Any CPU
		{39B31BF5-89C9-4B4D-835E-879B122999D0}.Debug|Any CPU.Build.0 = Debug|Any CPU
		{39B31BF5-89C9-4B4D-835E-879B122999D0}.Release|Any CPU.ActiveCfg = Release|Any CPU
		{39B31BF5-89C9-4B4D-835E-879B122999D0}.Release|Any CPU.Build.0 = Release|Any CPU
	EndGlobalSection
	GlobalSection(SolutionProperties) = preSolution
		HideSolutionNode = FALSE
	EndGlobalSection
	GlobalSection(ExtensibilityGlobals) = postSolution
		SolutionGuid = {D0F5808F-468A-4DBA-9BB1-23200945336A}
	EndGlobalSection
EndGlobal
